
Microsoft Visual Studio Solution File, Format Version 12.00
# Visual Studio Version 17
VisualStudioVersion = 17.4.33103.184
MinimumVisualStudioVersion = 10.0.40219.1
Project("{FAE04EC0-301F-11D3-BF4B-00C04F79EFBC}") = "Pythagore", "Pythagore.csproj", "{CA2614C5-D1C9-446C-9A91-5754C9AD0B60}"
EndProject
Global
	GlobalSection(SolutionConfigurationPlatforms) = preSolution
		Debug|Any CPU = Debug|Any CPU
		Release|Any CPU = Release|Any CPU
	EndGlobalSection
	GlobalSection(ProjectConfigurationPlatforms) = postSolution
		{CA2614C5-D1C9-446C-9A91-5754C9AD0B60}.Debug|Any CPU.ActiveCfg = Debug|Any CPU
		{CA2614C5-D1C9-446C-9A91-5754C9AD0B60}.Debug|Any CPU.Build.0 = Debug|Any CPU
		{CA2614C5-D1C9-446C-9A91-5754C9AD0B60}.Release|Any CPU.ActiveCfg = Release|Any CPU
		{CA2614C5-D1C9-446C-9A91-5754C9AD0B60}.Release|Any CPU.Build.0 = Release|Any CPU
	EndGlobalSection
	GlobalSection(SolutionProperties) = preSolution
		HideSolutionNode = FALSE
	EndGlobalSection
	GlobalSection(ExtensibilityGlobals) = postSolution
		SolutionGuid = {25A20328-4595-4AC4-AF09-D05526C205D0}
	EndGlobalSection
EndGlobal
